// !$*UTF8*$!
{
	archiveVersion = 1;
	classes = {
	};
	objectVersion = 56;
	objects = {

/* Begin PBXBuildFile section */
		7FAE81CA7DA2385B1A969EB0 /* Pods_kmp_ios_existing_project.framework in Frameworks */ = {isa = PBXBuildFile; fileRef = 41F5EEA59D511FEC2AE77BDD /* Pods_kmp_ios_existing_project.framework */; };
		CEDB7D412A9B14F400605DC5 /* kmp_ios_existing_projectApp.swift in Sources */ = {isa = PBXBuildFile; fileRef = CEDB7D402A9B14F400605DC5 /* kmp_ios_existing_projectApp.swift */; };
		CEDB7D432A9B14F400605DC5 /* ContentView.swift in Sources */ = {isa = PBXBuildFile; fileRef = CEDB7D422A9B14F400605DC5 /* ContentView.swift */; };
		CEDB7D452A9B14F600605DC5 /* Assets.xcassets in Resources */ = {isa = PBXBuildFile; fileRef = CEDB7D442A9B14F600605DC5 /* Assets.xcassets */; };
		CEDB7D482A9B14F600605DC5 /* Preview Assets.xcassets in Resources */ = {isa = PBXBuildFile; fileRef = CEDB7D472A9B14F600605DC5 /* Preview Assets.xcassets */; };
/* End PBXBuildFile section */

/* Begin PBXFileReference section */
		41F5EEA59D511FEC2AE77BDD /* Pods_kmp_ios_existing_project.framework */ = {isa = PBXFileReference; explicitFileType = wrapper.framework; includeInIndex = 0; path = Pods_kmp_ios_existing_project.framework; sourceTree = BUILT_PRODUCTS_DIR; };
		CEDB7D3D2A9B14F400605DC5 /* kmp-ios-existing-project.app */ = {isa = PBXFileReference; explicitFileType = wrapper.application; includeInIndex = 0; path = "kmp-ios-existing-project.app"; sourceTree = BUILT_PRODUCTS_DIR; };
		CEDB7D402A9B14F400605DC5 /* kmp_ios_existing_projectApp.swift */ = {isa = PBXFileReference; lastKnownFileType = sourcecode.swift; path = kmp_ios_existing_projectApp.swift; sourceTree = "<group>"; };
		CEDB7D422A9B14F400605DC5 /* ContentView.swift */ = {isa = PBXFileReference; lastKnownFileType = sourcecode.swift; path = ContentView.swift; sourceTree = "<group>"; };
		CEDB7D442A9B14F600605DC5 /* Assets.xcassets */ = {isa = PBXFileReference; lastKnownFileType = folder.assetcatalog; path = Assets.xcassets; sourceTree = "<group>"; };
		CEDB7D472A9B14F600605DC5 /* Preview Assets.xcassets */ = {isa = PBXFileReference; lastKnownFileType = folder.assetcatalog; path = "Preview Assets.xcassets"; sourceTree = "<group>"; };
		D07682AB1AB83F199DAB76D7 /* Pods-kmp-ios-existing-project.release.xcconfig */ = {isa = PBXFileReference; includeInIndex = 1; lastKnownFileType = text.xcconfig; name = "Pods-kmp-ios-existing-project.release.xcconfig"; path = "Target Support Files/Pods-kmp-ios-existing-project/Pods-kmp-ios-existing-project.release.xcconfig"; sourceTree = "<group>"; };
		FF55E0FAEE26E8A1ABB257F0 /* Pods-kmp-ios-existing-project.debug.xcconfig */ = {isa = PBXFileReference; includeInIndex = 1; lastKnownFileType = text.xcconfig; name = "Pods-kmp-ios-existing-project.debug.xcconfig"; path = "Target Support Files/Pods-kmp-ios-existing-project/Pods-kmp-ios-existing-project.debug.xcconfig"; sourceTree = "<group>"; };
/* End PBXFileReference section */

/* Begin PBXFrameworksBuildPhase section */
		CEDB7D3A2A9B14F400605DC5 /* Frameworks */ = {
			isa = PBXFrameworksBuildPhase;
			buildActionMask = 2147483647;
			files = (
				7FAE81CA7DA2385B1A969EB0 /* Pods_kmp_ios_existing_project.framework in Frameworks */,
			);
			runOnlyForDeploymentPostprocessing = 0;
		};
/* End PBXFrameworksBuildPhase section */

/* Begin PBXGroup section */
		4069538642C12DFDD8C23292 /* Pods */ = {
			isa = PBXGroup;
			children = (
				FF55E0FAEE26E8A1ABB257F0 /* Pods-kmp-ios-existing-project.debug.xcconfig */,
				D07682AB1AB83F199DAB76D7 /* Pods-kmp-ios-existing-project.release.xcconfig */,
			);
			name = Pods;
			path = Pods;
			sourceTree = "<group>";
		};
		CAE2398FEDA513484682E095 /* Frameworks */ = {
			isa = PBXGroup;
			children = (
				41F5EEA59D511FEC2AE77BDD /* Pods_kmp_ios_existing_project.framework */,
			);
			name = Frameworks;
			sourceTree = "<group>";
		};
		CEDB7D342A9B14F400605DC5 = {
			isa = PBXGroup;
			children = (
				CEDB7D3F2A9B14F400605DC5 /* kmp-ios-existing-project */,
				CEDB7D3E2A9B14F400605DC5 /* Products */,
				4069538642C12DFDD8C23292 /* Pods */,
				CAE2398FEDA513484682E095 /* Frameworks */,
			);
			sourceTree = "<group>";
		};
		CEDB7D3E2A9B14F400605DC5 /* Products */ = {
			isa = PBXGroup;
			children = (
				CEDB7D3D2A9B14F400605DC5 /* kmp-ios-existing-project.app */,
			);
			name = Products;
			sourceTree = "<group>";
		};
		CEDB7D3F2A9B14F400605DC5 /* kmp-ios-existing-project */ = {
			isa = PBXGroup;
			children = (
				CEDB7D402A9B14F400605DC5 /* kmp_ios_existing_projectApp.swift */,
				CEDB7D422A9B14F400605DC5 /* ContentView.swift */,
				CEDB7D442A9B14F600605DC5 /* Assets.xcassets */,
				CEDB7D462A9B14F600605DC5 /* Preview Content */,
			);
			path = "kmp-ios-existing-project";
			sourceTree = "<group>";
		};
		CEDB7D462A9B14F600605DC5 /* Preview Content */ = {
			isa = PBXGroup;
			children = (
				CEDB7D472A9B14F600605DC5 /* Preview Assets.xcassets */,
			);
			path = "Preview Content";
			sourceTree = "<group>";
		};
/* End PBXGroup section */

/* Begin PBXNativeTarget section */
		CEDB7D3C2A9B14F400605DC5 /* kmp-ios-existing-project */ = {
			isa = PBXNativeTarget;
			buildConfigurationList = CEDB7D4B2A9B14F600605DC5 /* Build configuration list for PBXNativeTarget "kmp-ios-existing-project" */;
			buildPhases = (
				000401262E27EE75CE4B578A /* [CP] Check Pods Manifest.lock */,
				CEDB7D392A9B14F400605DC5 /* Sources */,
				CEDB7D3A2A9B14F400605DC5 /* Frameworks */,
				CEDB7D3B2A9B14F400605DC5 /* Resources */,
			);
			buildRules = (
			);
			dependencies = (
			);
			name = "kmp-ios-existing-project";
			productName = "kmp-ios-existing-project";
			productReference = CEDB7D3D2A9B14F400605DC5 /* kmp-ios-existing-project.app */;
			productType = "com.apple.product-type.application";
		};
/* End PBXNativeTarget section */

/* Begin PBXProject section */
		CEDB7D352A9B14F400605DC5 /* Project object */ = {
			isa = PBXProject;
			attributes = {
				BuildIndependentTargetsInParallel = 1;
				LastSwiftUpdateCheck = 1430;
				LastUpgradeCheck = 1430;
				TargetAttributes = {
					CEDB7D3C2A9B14F400605DC5 = {
						CreatedOnToolsVersion = 14.3.1;
					};
				};
			};
			buildConfigurationList = CEDB7D382A9B14F400605DC5 /* Build configuration list for PBXProject "kmp-ios-existing-project" */;
			compatibilityVersion = "Xcode 14.0";
			developmentRegion = en;
			hasScannedForEncodings = 0;
			knownRegions = (
				en,
				Base,
			);
			mainGroup = CEDB7D342A9B14F400605DC5;
			productRefGroup = CEDB7D3E2A9B14F400605DC5 /* Products */;
			projectDirPath = "";
			projectRoot = "";
			targets = (
				CEDB7D3C2A9B14F400605DC5 /* kmp-ios-existing-project */,
			);
		};
/* End PBXProject section */

/* Begin PBXResourcesBuildPhase section */
		CEDB7D3B2A9B14F400605DC5 /* Resources */ = {
			isa = PBXResourcesBuildPhase;
			buildActionMask = 2147483647;
			files = (
				CEDB7D482A9B14F600605DC5 /* Preview Assets.xcassets in Resources */,
				CEDB7D452A9B14F600605DC5 /* Assets.xcassets in Resources */,
			);
			runOnlyForDeploymentPostprocessing = 0;
		};
/* End PBXResourcesBuildPhase section */

/* Begin PBXShellScriptBuildPhase section */
		000401262E27EE75CE4B578A /* [CP] Check Pods Manifest.lock */ = {
			isa = PBXShellScriptBuildPhase;
			buildActionMask = 2147483647;
			files = (
			);
			inputFileListPaths = (
			);
			inputPaths = (
				"${PODS_PODFILE_DIR_PATH}/Podfile.lock",
				"${PODS_ROOT}/Manifest.lock",
			);
			name = "[CP] Check Pods Manifest.lock";
			outputFileListPaths = (
			);
			outputPaths = (
				"$(DERIVED_FILE_DIR)/Pods-kmp-ios-existing-project-checkManifestLockResult.txt",
			);
			runOnlyForDeploymentPostprocessing = 0;
			shellPath = /bin/sh;
			shellScript = "diff \"${PODS_PODFILE_DIR_PATH}/Podfile.lock\" \"${PODS_ROOT}/Manifest.lock\" > /dev/null\nif [ $? != 0 ] ; then\n    # print error to STDERR\n    echo \"error: The sandbox is not in sync with the Podfile.lock. Run 'pod install' or update your CocoaPods installation.\" >&2\n    exit 1\nfi\n# This output is used by Xcode 'outputs' to avoid re-running this script phase.\necho \"SUCCESS\" > \"${SCRIPT_OUTPUT_FILE_0}\"\n";
			showEnvVarsInLog = 0;
		};
/* End PBXShellScriptBuildPhase section */

/* Begin PBXSourcesBuildPhase section */
		CEDB7D392A9B14F400605DC5 /* Sources */ = {
			isa = PBXSourcesBuildPhase;
			buildActionMask = 2147483647;
			files = (
				CEDB7D432A9B14F400605DC5 /* ContentView.swift in Sources */,
				CEDB7D412A9B14F400605DC5 /* kmp_ios_existing_projectApp.swift in Sources */,
			);
			runOnlyForDeploymentPostprocessing = 0;
		};
/* End PBXSourcesBuildPhase section */

/* Begin XCBuildConfiguration section */
		CEDB7D492A9B14F600605DC5 /* Debug */ = {
			isa = XCBuildConfiguration;
			buildSettings = {
				ALWAYS_SEARCH_USER_PATHS = NO;
				CLANG_ANALYZER_NONNULL = YES;
				CLANG_ANALYZER_NUMBER_OBJECT_CONVERSION = YES_AGGRESSIVE;
				CLANG_CXX_LANGUAGE_STANDARD = "gnu++20";
				CLANG_ENABLE_MODULES = YES;
				CLANG_ENABLE_OBJC_ARC = YES;
				CLANG_ENABLE_OBJC_WEAK = YES;
				CLANG_WARN_BLOCK_CAPTURE_AUTORELEASING = YES;
				CLANG_WARN_BOOL_CONVERSION = YES;
				CLANG_WARN_COMMA = YES;
				CLANG_WARN_CONSTANT_CONVERSION = YES;
				CLANG_WARN_DEPRECATED_OBJC_IMPLEMENTATIONS = YES;
				CLANG_WARN_DIRECT_OBJC_ISA_USAGE = YES_ERROR;
				CLANG_WARN_DOCUMENTATION_COMMENTS = YES;
				CLANG_WARN_EMPTY_BODY = YES;
				CLANG_WARN_ENUM_CONVERSION = YES;
				CLANG_WARN_INFINITE_RECURSION = YES;
				CLANG_WARN_INT_CONVERSION = YES;
				CLANG_WARN_NON_LITERAL_NULL_CONVERSION = YES;
				CLANG_WARN_OBJC_IMPLICIT_RETAIN_SELF = YES;
				CLANG_WARN_OBJC_LITERAL_CONVERSION = YES;
				CLANG_WARN_OBJC_ROOT_CLASS = YES_ERROR;
				CLANG_WARN_QUOTED_INCLUDE_IN_FRAMEWORK_HEADER = YES;
				CLANG_WARN_RANGE_LOOP_ANALYSIS = YES;
				CLANG_WARN_STRICT_PROTOTYPES = YES;
				CLANG_WARN_SUSPICIOUS_MOVE = YES;
				CLANG_WARN_UNGUARDED_AVAILABILITY = YES_AGGRESSIVE;
				CLANG_WARN_UNREACHABLE_CODE = YES;
				CLANG_WARN__DUPLICATE_METHOD_MATCH = YES;
				COPY_PHASE_STRIP = NO;
				DEBUG_INFORMATION_FORMAT = dwarf;
				ENABLE_STRICT_OBJC_MSGSEND = YES;
				ENABLE_TESTABILITY = YES;
				GCC_C_LANGUAGE_STANDARD = gnu11;
				GCC_DYNAMIC_NO_PIC = NO;
				GCC_NO_COMMON_BLOCKS = YES;
				GCC_OPTIMIZATION_LEVEL = 0;
				GCC_PREPROCESSOR_DEFINITIONS = (
					"DEBUG=1",
					"$(inherited)",
				);
				GCC_WARN_64_TO_32_BIT_CONVERSION = YES;
				GCC_WARN_ABOUT_RETURN_TYPE = YES_ERROR;
				GCC_WARN_UNDECLARED_SELECTOR = YES;
				GCC_WARN_UNINITIALIZED_AUTOS = YES_AGGRESSIVE;
				GCC_WARN_UNUSED_FUNCTION = YES;
				GCC_WARN_UNUSED_VARIABLE = YES;
				IPHONEOS_DEPLOYMENT_TARGET = 16.4;
				MTL_ENABLE_DEBUG_INFO = INCLUDE_SOURCE;
				MTL_FAST_MATH = YES;
				ONLY_ACTIVE_ARCH = YES;
				SDKROOT = iphoneos;
				SWIFT_ACTIVE_COMPILATION_CONDITIONS = DEBUG;
				SWIFT_OPTIMIZATION_LEVEL = "-Onone";
			};
			name = Debug;
		};
		CEDB7D4A2A9B14F600605DC5 /* Release */ = {
			isa = XCBuildConfiguration;
			buildSettings = {
				ALWAYS_SEARCH_USER_PATHS = NO;
				CLANG_ANALYZER_NONNULL = YES;
				CLANG_ANALYZER_NUMBER_OBJECT_CONVERSION = YES_AGGRESSIVE;
				CLANG_CXX_LANGUAGE_STANDARD = "gnu++20";
				CLANG_ENABLE_MODULES = YES;
				CLANG_ENABLE_OBJC_ARC = YES;
				CLANG_ENABLE_OBJC_WEAK = YES;
				CLANG_WARN_BLOCK_CAPTURE_AUTORELEASING = YES;
				CLANG_WARN_BOOL_CONVERSION = YES;
				CLANG_WARN_COMMA = YES;
				CLANG_WARN_CONSTANT_CONVERSION = YES;
				CLANG_WARN_DEPRECATED_OBJC_IMPLEMENTATIONS = YES;
				CLANG_WARN_DIRECT_OBJC_ISA_USAGE = YES_ERROR;
				CLANG_WARN_DOCUMENTATION_COMMENTS = YES;
				CLANG_WARN_EMPTY_BODY = YES;
				CLANG_WARN_ENUM_CONVERSION = YES;
				CLANG_WARN_INFINITE_RECURSION = YES;
				CLANG_WARN_INT_CONVERSION = YES;
				CLANG_WARN_NON_LITERAL_NULL_CONVERSION = YES;
				CLANG_WARN_OBJC_IMPLICIT_RETAIN_SELF = YES;
				CLANG_WARN_OBJC_LITERAL_CONVERSION = YES;
				CLANG_WARN_OBJC_ROOT_CLASS = YES_ERROR;
				CLANG_WARN_QUOTED_INCLUDE_IN_FRAMEWORK_HEADER = YES;
				CLANG_WARN_RANGE_LOOP_ANALYSIS = YES;
				CLANG_WARN_STRICT_PROTOTYPES = YES;
				CLANG_WARN_SUSPICIOUS_MOVE = YES;
				CLANG_WARN_UNGUARDED_AVAILABILITY = YES_AGGRESSIVE;
				CLANG_WARN_UNREACHABLE_CODE = YES;
				CLANG_WARN__DUPLICATE_METHOD_MATCH = YES;
				COPY_PHASE_STRIP = NO;
				DEBUG_INFORMATION_FORMAT = "dwarf-with-dsym";
				ENABLE_NS_ASSERTIONS = NO;
				ENABLE_STRICT_OBJC_MSGSEND = YES;
				GCC_C_LANGUAGE_STANDARD = gnu11;
				GCC_NO_COMMON_BLOCKS = YES;
				GCC_WARN_64_TO_32_BIT_CONVERSION = YES;
				GCC_WARN_ABOUT_RETURN_TYPE = YES_ERROR;
				GCC_WARN_UNDECLARED_SELECTOR = YES;
				GCC_WARN_UNINITIALIZED_AUTOS = YES_AGGRESSIVE;
				GCC_WARN_UNUSED_FUNCTION = YES;
				GCC_WARN_UNUSED_VARIABLE = YES;
				IPHONEOS_DEPLOYMENT_TARGET = 16.4;
				MTL_ENABLE_DEBUG_INFO = NO;
				MTL_FAST_MATH = YES;
				SDKROOT = iphoneos;
				SWIFT_COMPILATION_MODE = wholemodule;
				SWIFT_OPTIMIZATION_LEVEL = "-O";
				VALIDATE_PRODUCT = YES;
			};
			name = Release;
		};
		CEDB7D4C2A9B14F600605DC5 /* Debug */ = {
			isa = XCBuildConfiguration;
			baseConfigurationReference = FF55E0FAEE26E8A1ABB257F0 /* Pods-kmp-ios-existing-project.debug.xcconfig */;
			buildSettings = {
				ASSETCATALOG_COMPILER_APPICON_NAME = AppIcon;
				ASSETCATALOG_COMPILER_GLOBAL_ACCENT_COLOR_NAME = AccentColor;
				CODE_SIGN_STYLE = Automatic;
				CURRENT_PROJECT_VERSION = 1;
				DEVELOPMENT_ASSET_PATHS = "\"kmp-ios-existing-project/Preview Content\"";
				DEVELOPMENT_TEAM = TP6S8UHV5R;
				ENABLE_PREVIEWS = YES;
				GENERATE_INFOPLIST_FILE = YES;
				INFOPLIST_KEY_UIApplicationSceneManifest_Generation = YES;
				INFOPLIST_KEY_UIApplicationSupportsIndirectInputEvents = YES;
				INFOPLIST_KEY_UILaunchScreen_Generation = YES;
				INFOPLIST_KEY_UISupportedInterfaceOrientations_iPad = "UIInterfaceOrientationPortrait UIInterfaceOrientationPortraitUpsideDown UIInterfaceOrientationLandscapeLeft UIInterfaceOrientationLandscapeRight";
				INFOPLIST_KEY_UISupportedInterfaceOrientations_iPhone = "UIInterfaceOrientationPortrait UIInterfaceOrientationLandscapeLeft UIInterfaceOrientationLandscapeRight";
				LD_RUNPATH_SEARCH_PATHS = (
					"$(inherited)",
					"@executable_path/Frameworks",
				);
				MARKETING_VERSION = 1.0;
				PRODUCT_BUNDLE_IDENTIFIER = "com.marazmone.kmp-ios-existing-project";
				PRODUCT_NAME = "$(TARGET_NAME)";
				SWIFT_EMIT_LOC_STRINGS = YES;
				SWIFT_VERSION = 5.0;
				TARGETED_DEVICE_FAMILY = "1,2";
			};
			name = Debug;
		};
		CEDB7D4D2A9B14F600605DC5 /* Release */ = {
			isa = XCBuildConfiguration;
			baseConfigurationReference = D07682AB1AB83F199DAB76D7 /* Pods-kmp-ios-existing-project.release.xcconfig */;
			buildSettings = {
				ASSETCATALOG_COMPILER_APPICON_NAME = AppIcon;
				ASSETCATALOG_COMPILER_GLOBAL_ACCENT_COLOR_NAME = AccentColor;
				CODE_SIGN_STYLE = Automatic;
				CURRENT_PROJECT_VERSION = 1;
				DEVELOPMENT_ASSET_PATHS = "\"kmp-ios-existing-project/Preview Content\"";
				DEVELOPMENT_TEAM = TP6S8UHV5R;
				ENABLE_PREVIEWS = YES;
				GENERATE_INFOPLIST_FILE = YES;
				INFOPLIST_KEY_UIApplicationSceneManifest_Generation = YES;
				INFOPLIST_KEY_UIApplicationSupportsIndirectInputEvents = YES;
				INFOPLIST_KEY_UILaunchScreen_Generation = YES;
				INFOPLIST_KEY_UISupportedInterfaceOrientations_iPad = "UIInterfaceOrientationPortrait UIInterfaceOrientationPortraitUpsideDown UIInterfaceOrientationLandscapeLeft UIInterfaceOrientationLandscapeRight";
				INFOPLIST_KEY_UISupportedInterfaceOrientations_iPhone = "UIInterfaceOrientationPortrait UIInterfaceOrientationLandscapeLeft UIInterfaceOrientationLandscapeRight";
				LD_RUNPATH_SEARCH_PATHS = (
					"$(inherited)",
					"@executable_path/Frameworks",
				);
				MARKETING_VERSION = 1.0;
				PRODUCT_BUNDLE_IDENTIFIER = "com.marazmone.kmp-ios-existing-project";
				PRODUCT_NAME = "$(TARGET_NAME)";
				SWIFT_EMIT_LOC_STRINGS = YES;
				SWIFT_VERSION = 5.0;
				TARGETED_DEVICE_FAMILY = "1,2";
			};
			name = Release;
		};
/* End XCBuildConfiguration section */

/* Begin XCConfigurationList section */
		CEDB7D382A9B14F400605DC5 /* Build configuration list for PBXProject "kmp-ios-existing-project" */ = {
			isa = XCConfigurationList;
			buildConfigurations = (
				CEDB7D492A9B14F600605DC5 /* Debug */,
				CEDB7D4A2A9B14F600605DC5 /* Release */,
			);
			defaultConfigurationIsVisible = 0;
			defaultConfigurationName = Release;
		};
		CEDB7D4B2A9B14F600605DC5 /* Build configuration list for PBXNativeTarget "kmp-ios-existing-project" */ = {
			isa = XCConfigurationList;
			buildConfigurations = (
				CEDB7D4C2A9B14F600605DC5 /* Debug */,
				CEDB7D4D2A9B14F600605DC5 /* Release */,
			);
			defaultConfigurationIsVisible = 0;
			defaultConfigurationName = Release;
		};
/* End XCConfigurationList section */
	};
	rootObject = CEDB7D352A9B14F400605DC5 /* Project object */;
}
